// !$*UTF8*$!
{
	archiveVersion = 1;
	classes = {
	};
	objectVersion = 51;
	objects = {

/* Begin PBXBuildFile section */
		036B386BF804F590B8A57ECE /* Pods_Parstagram_ParstagramUITests.framework in Frameworks */ = {isa = PBXBuildFile; fileRef = 81B95E34DF217CEDCA1B40C8 /* Pods_Parstagram_ParstagramUITests.framework */; };
		273EBA57260D5C5700AEF772 /* CommentCell.swift in Sources */ = {isa = PBXBuildFile; fileRef = 273EBA56260D5C5700AEF772 /* CommentCell.swift */; };
		2799E43A260408FB005B23FC /* AppDelegate.swift in Sources */ = {isa = PBXBuildFile; fileRef = 2799E439260408FB005B23FC /* AppDelegate.swift */; };
		2799E43C260408FB005B23FC /* SceneDelegate.swift in Sources */ = {isa = PBXBuildFile; fileRef = 2799E43B260408FB005B23FC /* SceneDelegate.swift */; };
		2799E441260408FB005B23FC /* Main.storyboard in Resources */ = {isa = PBXBuildFile; fileRef = 2799E43F260408FB005B23FC /* Main.storyboard */; };
		2799E44326040904005B23FC /* Assets.xcassets in Resources */ = {isa = PBXBuildFile; fileRef = 2799E44226040904005B23FC /* Assets.xcassets */; };
		2799E44626040904005B23FC /* LaunchScreen.storyboard in Resources */ = {isa = PBXBuildFile; fileRef = 2799E44426040904005B23FC /* LaunchScreen.storyboard */; };
		2799E45126040905005B23FC /* ParstagramTests.swift in Sources */ = {isa = PBXBuildFile; fileRef = 2799E45026040905005B23FC /* ParstagramTests.swift */; };
		2799E45C26040905005B23FC /* ParstagramUITests.swift in Sources */ = {isa = PBXBuildFile; fileRef = 2799E45B26040905005B23FC /* ParstagramUITests.swift */; };
		2799E47026040AA2005B23FC /* LoginViewController.swift in Sources */ = {isa = PBXBuildFile; fileRef = 2799E46F26040AA2005B23FC /* LoginViewController.swift */; };
		2799E47526040ABA005B23FC /* FeedViewController.swift in Sources */ = {isa = PBXBuildFile; fileRef = 2799E47426040ABA005B23FC /* FeedViewController.swift */; };
		27A59F0A26045BC000A62EFB /* CameraViewController.swift in Sources */ = {isa = PBXBuildFile; fileRef = 27A59F0926045BC000A62EFB /* CameraViewController.swift */; };
		27CE27FA2604C68D00CE01F8 /* PostCell.swift in Sources */ = {isa = PBXBuildFile; fileRef = 27CE27F92604C68D00CE01F8 /* PostCell.swift */; };
		A11A95A22E4B9F36EE11AD63 /* Pods_Parstagram.framework in Frameworks */ = {isa = PBXBuildFile; fileRef = AD1CA4E1948FDDE7089CB5BD /* Pods_Parstagram.framework */; };
		E5997825376B400368731C89 /* Pods_ParstagramTests.framework in Frameworks */ = {isa = PBXBuildFile; fileRef = 94787A351A600D52C5B1B16D /* Pods_ParstagramTests.framework */; };
/* End PBXBuildFile section */

/* Begin PBXContainerItemProxy section */
		2799E44D26040905005B23FC /* PBXContainerItemProxy */ = {
			isa = PBXContainerItemProxy;
			containerPortal = 2799E42E260408FB005B23FC /* Project object */;
			proxyType = 1;
			remoteGlobalIDString = 2799E435260408FB005B23FC;
			remoteInfo = Parstagram;
		};
		2799E45826040905005B23FC /* PBXContainerItemProxy */ = {
			isa = PBXContainerItemProxy;
			containerPortal = 2799E42E260408FB005B23FC /* Project object */;
			proxyType = 1;
			remoteGlobalIDString = 2799E435260408FB005B23FC;
			remoteInfo = Parstagram;
		};
/* End PBXContainerItemProxy section */

/* Begin PBXFileReference section */
		102E80AE3FF321FE3E5E5ED0 /* Pods-Parstagram.debug.xcconfig */ = {isa = PBXFileReference; includeInIndex = 1; lastKnownFileType = text.xcconfig; name = "Pods-Parstagram.debug.xcconfig"; path = "Target Support Files/Pods-Parstagram/Pods-Parstagram.debug.xcconfig"; sourceTree = "<group>"; };
		1AAE2737EF5665AA786F1076 /* Pods-Parstagram-ParstagramUITests.debug.xcconfig */ = {isa = PBXFileReference; includeInIndex = 1; lastKnownFileType = text.xcconfig; name = "Pods-Parstagram-ParstagramUITests.debug.xcconfig"; path = "Target Support Files/Pods-Parstagram-ParstagramUITests/Pods-Parstagram-ParstagramUITests.debug.xcconfig"; sourceTree = "<group>"; };
		273EBA56260D5C5700AEF772 /* CommentCell.swift */ = {isa = PBXFileReference; lastKnownFileType = sourcecode.swift; path = CommentCell.swift; sourceTree = "<group>"; };
		2799E436260408FB005B23FC /* Parstagram.app */ = {isa = PBXFileReference; explicitFileType = wrapper.application; includeInIndex = 0; path = Parstagram.app; sourceTree = BUILT_PRODUCTS_DIR; };
		2799E439260408FB005B23FC /* AppDelegate.swift */ = {isa = PBXFileReference; lastKnownFileType = sourcecode.swift; path = AppDelegate.swift; sourceTree = "<group>"; };
		2799E43B260408FB005B23FC /* SceneDelegate.swift */ = {isa = PBXFileReference; lastKnownFileType = sourcecode.swift; path = SceneDelegate.swift; sourceTree = "<group>"; };
		2799E440260408FB005B23FC /* Base */ = {isa = PBXFileReference; lastKnownFileType = file.storyboard; name = Base; path = Base.lproj/Main.storyboard; sourceTree = "<group>"; };
		2799E44226040904005B23FC /* Assets.xcassets */ = {isa = PBXFileReference; lastKnownFileType = folder.assetcatalog; path = Assets.xcassets; sourceTree = "<group>"; };
		2799E44526040904005B23FC /* Base */ = {isa = PBXFileReference; lastKnownFileType = file.storyboard; name = Base; path = Base.lproj/LaunchScreen.storyboard; sourceTree = "<group>"; };
		2799E44726040904005B23FC /* Info.plist */ = {isa = PBXFileReference; lastKnownFileType = text.plist.xml; path = Info.plist; sourceTree = "<group>"; };
		2799E44C26040905005B23FC /* ParstagramTests.xctest */ = {isa = PBXFileReference; explicitFileType = wrapper.cfbundle; includeInIndex = 0; path = ParstagramTests.xctest; sourceTree = BUILT_PRODUCTS_DIR; };
		2799E45026040905005B23FC /* ParstagramTests.swift */ = {isa = PBXFileReference; lastKnownFileType = sourcecode.swift; path = ParstagramTests.swift; sourceTree = "<group>"; };
		2799E45226040905005B23FC /* Info.plist */ = {isa = PBXFileReference; lastKnownFileType = text.plist.xml; path = Info.plist; sourceTree = "<group>"; };
		2799E45726040905005B23FC /* ParstagramUITests.xctest */ = {isa = PBXFileReference; explicitFileType = wrapper.cfbundle; includeInIndex = 0; path = ParstagramUITests.xctest; sourceTree = BUILT_PRODUCTS_DIR; };
		2799E45B26040905005B23FC /* ParstagramUITests.swift */ = {isa = PBXFileReference; lastKnownFileType = sourcecode.swift; path = ParstagramUITests.swift; sourceTree = "<group>"; };
		2799E45D26040905005B23FC /* Info.plist */ = {isa = PBXFileReference; lastKnownFileType = text.plist.xml; path = Info.plist; sourceTree = "<group>"; };
		2799E46F26040AA2005B23FC /* LoginViewController.swift */ = {isa = PBXFileReference; lastKnownFileType = sourcecode.swift; path = LoginViewController.swift; sourceTree = "<group>"; };
		2799E47426040ABA005B23FC /* FeedViewController.swift */ = {isa = PBXFileReference; lastKnownFileType = sourcecode.swift; path = FeedViewController.swift; sourceTree = "<group>"; };
		27A59F0926045BC000A62EFB /* CameraViewController.swift */ = {isa = PBXFileReference; lastKnownFileType = sourcecode.swift; path = CameraViewController.swift; sourceTree = "<group>"; };
		27CE27F92604C68D00CE01F8 /* PostCell.swift */ = {isa = PBXFileReference; lastKnownFileType = sourcecode.swift; path = PostCell.swift; sourceTree = "<group>"; };
		3DF52D4E1C36DE48146DC0B2 /* Pods-Parstagram-ParstagramUITests.release.xcconfig */ = {isa = PBXFileReference; includeInIndex = 1; lastKnownFileType = text.xcconfig; name = "Pods-Parstagram-ParstagramUITests.release.xcconfig"; path = "Target Support Files/Pods-Parstagram-ParstagramUITests/Pods-Parstagram-ParstagramUITests.release.xcconfig"; sourceTree = "<group>"; };
		52A1815FDCAF7E24497D9B8B /* Pods-Parstagram.release.xcconfig */ = {isa = PBXFileReference; includeInIndex = 1; lastKnownFileType = text.xcconfig; name = "Pods-Parstagram.release.xcconfig"; path = "Target Support Files/Pods-Parstagram/Pods-Parstagram.release.xcconfig"; sourceTree = "<group>"; };
		81B95E34DF217CEDCA1B40C8 /* Pods_Parstagram_ParstagramUITests.framework */ = {isa = PBXFileReference; explicitFileType = wrapper.framework; includeInIndex = 0; path = Pods_Parstagram_ParstagramUITests.framework; sourceTree = BUILT_PRODUCTS_DIR; };
		94787A351A600D52C5B1B16D /* Pods_ParstagramTests.framework */ = {isa = PBXFileReference; explicitFileType = wrapper.framework; includeInIndex = 0; path = Pods_ParstagramTests.framework; sourceTree = BUILT_PRODUCTS_DIR; };
		AD1CA4E1948FDDE7089CB5BD /* Pods_Parstagram.framework */ = {isa = PBXFileReference; explicitFileType = wrapper.framework; includeInIndex = 0; path = Pods_Parstagram.framework; sourceTree = BUILT_PRODUCTS_DIR; };
		B960EA01EFDD7D18C2B571EE /* Pods-ParstagramTests.debug.xcconfig */ = {isa = PBXFileReference; includeInIndex = 1; lastKnownFileType = text.xcconfig; name = "Pods-ParstagramTests.debug.xcconfig"; path = "Target Support Files/Pods-ParstagramTests/Pods-ParstagramTests.debug.xcconfig"; sourceTree = "<group>"; };
		FD8A8E060FEE4E2B74BB4933 /* Pods-ParstagramTests.release.xcconfig */ = {isa = PBXFileReference; includeInIndex = 1; lastKnownFileType = text.xcconfig; name = "Pods-ParstagramTests.release.xcconfig"; path = "Target Support Files/Pods-ParstagramTests/Pods-ParstagramTests.release.xcconfig"; sourceTree = "<group>"; };
/* End PBXFileReference section */

/* Begin PBXFrameworksBuildPhase section */
		2799E433260408FB005B23FC /* Frameworks */ = {
			isa = PBXFrameworksBuildPhase;
			buildActionMask = 2147483647;
			files = (
				A11A95A22E4B9F36EE11AD63 /* Pods_Parstagram.framework in Frameworks */,
			);
			runOnlyForDeploymentPostprocessing = 0;
		};
		2799E44926040905005B23FC /* Frameworks */ = {
			isa = PBXFrameworksBuildPhase;
			buildActionMask = 2147483647;
			files = (
				E5997825376B400368731C89 /* Pods_ParstagramTests.framework in Frameworks */,
			);
			runOnlyForDeploymentPostprocessing = 0;
		};
		2799E45426040905005B23FC /* Frameworks */ = {
			isa = PBXFrameworksBuildPhase;
			buildActionMask = 2147483647;
			files = (
				036B386BF804F590B8A57ECE /* Pods_Parstagram_ParstagramUITests.framework in Frameworks */,
			);
			runOnlyForDeploymentPostprocessing = 0;
		};
/* End PBXFrameworksBuildPhase section */

/* Begin PBXGroup section */
		18806B8142E7515668C6C4F5 /* Pods */ = {
			isa = PBXGroup;
			children = (
				102E80AE3FF321FE3E5E5ED0 /* Pods-Parstagram.debug.xcconfig */,
				52A1815FDCAF7E24497D9B8B /* Pods-Parstagram.release.xcconfig */,
				1AAE2737EF5665AA786F1076 /* Pods-Parstagram-ParstagramUITests.debug.xcconfig */,
				3DF52D4E1C36DE48146DC0B2 /* Pods-Parstagram-ParstagramUITests.release.xcconfig */,
				B960EA01EFDD7D18C2B571EE /* Pods-ParstagramTests.debug.xcconfig */,
				FD8A8E060FEE4E2B74BB4933 /* Pods-ParstagramTests.release.xcconfig */,
			);
			path = Pods;
			sourceTree = "<group>";
		};
		2799E42D260408FB005B23FC = {
			isa = PBXGroup;
			children = (
				2799E438260408FB005B23FC /* Parstagram */,
				2799E44F26040905005B23FC /* ParstagramTests */,
				2799E45A26040905005B23FC /* ParstagramUITests */,
				2799E437260408FB005B23FC /* Products */,
				18806B8142E7515668C6C4F5 /* Pods */,
				F189AB550908BF4AA5D156E6 /* Frameworks */,
			);
			sourceTree = "<group>";
		};
		2799E437260408FB005B23FC /* Products */ = {
			isa = PBXGroup;
			children = (
				2799E436260408FB005B23FC /* Parstagram.app */,
				2799E44C26040905005B23FC /* ParstagramTests.xctest */,
				2799E45726040905005B23FC /* ParstagramUITests.xctest */,
			);
			name = Products;
			sourceTree = "<group>";
		};
		2799E438260408FB005B23FC /* Parstagram */ = {
			isa = PBXGroup;
			children = (
				2799E439260408FB005B23FC /* AppDelegate.swift */,
				2799E43B260408FB005B23FC /* SceneDelegate.swift */,
				2799E43F260408FB005B23FC /* Main.storyboard */,
				2799E44226040904005B23FC /* Assets.xcassets */,
				2799E44426040904005B23FC /* LaunchScreen.storyboard */,
				2799E44726040904005B23FC /* Info.plist */,
				2799E46F26040AA2005B23FC /* LoginViewController.swift */,
				2799E47426040ABA005B23FC /* FeedViewController.swift */,
				27A59F0926045BC000A62EFB /* CameraViewController.swift */,
				27CE27F92604C68D00CE01F8 /* PostCell.swift */,
				273EBA56260D5C5700AEF772 /* CommentCell.swift */,
			);
			path = Parstagram;
			sourceTree = "<group>";
		};
		2799E44F26040905005B23FC /* ParstagramTests */ = {
			isa = PBXGroup;
			children = (
				2799E45026040905005B23FC /* ParstagramTests.swift */,
				2799E45226040905005B23FC /* Info.plist */,
			);
			path = ParstagramTests;
			sourceTree = "<group>";
		};
		2799E45A26040905005B23FC /* ParstagramUITests */ = {
			isa = PBXGroup;
			children = (
				2799E45B26040905005B23FC /* ParstagramUITests.swift */,
				2799E45D26040905005B23FC /* Info.plist */,
			);
			path = ParstagramUITests;
			sourceTree = "<group>";
		};
		F189AB550908BF4AA5D156E6 /* Frameworks */ = {
			isa = PBXGroup;
			children = (
				AD1CA4E1948FDDE7089CB5BD /* Pods_Parstagram.framework */,
				81B95E34DF217CEDCA1B40C8 /* Pods_Parstagram_ParstagramUITests.framework */,
				94787A351A600D52C5B1B16D /* Pods_ParstagramTests.framework */,
			);
			name = Frameworks;
			sourceTree = "<group>";
		};
/* End PBXGroup section */

/* Begin PBXNativeTarget section */
		2799E435260408FB005B23FC /* Parstagram */ = {
			isa = PBXNativeTarget;
			buildConfigurationList = 2799E46026040905005B23FC /* Build configuration list for PBXNativeTarget "Parstagram" */;
			buildPhases = (
				084AA51B8027965336B16FD9 /* [CP] Check Pods Manifest.lock */,
				2799E432260408FB005B23FC /* Sources */,
				2799E433260408FB005B23FC /* Frameworks */,
				2799E434260408FB005B23FC /* Resources */,
				6AA109E53FBEF5230D3BA5E6 /* [CP] Embed Pods Frameworks */,
			);
			buildRules = (
			);
			dependencies = (
			);
			name = Parstagram;
			productName = Parstagram;
			productReference = 2799E436260408FB005B23FC /* Parstagram.app */;
			productType = "com.apple.product-type.application";
		};
		2799E44B26040905005B23FC /* ParstagramTests */ = {
			isa = PBXNativeTarget;
			buildConfigurationList = 2799E46326040905005B23FC /* Build configuration list for PBXNativeTarget "ParstagramTests" */;
			buildPhases = (
				11293591B4207E93193BDAEE /* [CP] Check Pods Manifest.lock */,
				2799E44826040905005B23FC /* Sources */,
				2799E44926040905005B23FC /* Frameworks */,
				2799E44A26040905005B23FC /* Resources */,
			);
			buildRules = (
			);
			dependencies = (
				2799E44E26040905005B23FC /* PBXTargetDependency */,
			);
			name = ParstagramTests;
			productName = ParstagramTests;
			productReference = 2799E44C26040905005B23FC /* ParstagramTests.xctest */;
			productType = "com.apple.product-type.bundle.unit-test";
		};
		2799E45626040905005B23FC /* ParstagramUITests */ = {
			isa = PBXNativeTarget;
			buildConfigurationList = 2799E46626040905005B23FC /* Build configuration list for PBXNativeTarget "ParstagramUITests" */;
			buildPhases = (
				8DB359B3F0F3D43D6B11B6E1 /* [CP] Check Pods Manifest.lock */,
				2799E45326040905005B23FC /* Sources */,
				2799E45426040905005B23FC /* Frameworks */,
				2799E45526040905005B23FC /* Resources */,
				2EF20E9D0838D7329B368667 /* [CP] Embed Pods Frameworks */,
			);
			buildRules = (
			);
			dependencies = (
				2799E45926040905005B23FC /* PBXTargetDependency */,
			);
			name = ParstagramUITests;
			productName = ParstagramUITests;
			productReference = 2799E45726040905005B23FC /* ParstagramUITests.xctest */;
			productType = "com.apple.product-type.bundle.ui-testing";
		};
/* End PBXNativeTarget section */

/* Begin PBXProject section */
		2799E42E260408FB005B23FC /* Project object */ = {
			isa = PBXProject;
			attributes = {
				LastSwiftUpdateCheck = 1240;
				LastUpgradeCheck = 1240;
				TargetAttributes = {
					2799E435260408FB005B23FC = {
						CreatedOnToolsVersion = 12.4;
					};
					2799E44B26040905005B23FC = {
						CreatedOnToolsVersion = 12.4;
						TestTargetID = 2799E435260408FB005B23FC;
					};
					2799E45626040905005B23FC = {
						CreatedOnToolsVersion = 12.4;
						TestTargetID = 2799E435260408FB005B23FC;
					};
				};
			};
			buildConfigurationList = 2799E431260408FB005B23FC /* Build configuration list for PBXProject "Parstagram" */;
			compatibilityVersion = "Xcode 9.3";
			developmentRegion = en;
			hasScannedForEncodings = 0;
			knownRegions = (
				en,
				Base,
			);
			mainGroup = 2799E42D260408FB005B23FC;
			productRefGroup = 2799E437260408FB005B23FC /* Products */;
			projectDirPath = "";
			projectRoot = "";
			targets = (
				2799E435260408FB005B23FC /* Parstagram */,
				2799E44B26040905005B23FC /* ParstagramTests */,
				2799E45626040905005B23FC /* ParstagramUITests */,
			);
		};
/* End PBXProject section */

/* Begin PBXResourcesBuildPhase section */
		2799E434260408FB005B23FC /* Resources */ = {
			isa = PBXResourcesBuildPhase;
			buildActionMask = 2147483647;
			files = (
				2799E44626040904005B23FC /* LaunchScreen.storyboard in Resources */,
				2799E44326040904005B23FC /* Assets.xcassets in Resources */,
				2799E441260408FB005B23FC /* Main.storyboard in Resources */,
			);
			runOnlyForDeploymentPostprocessing = 0;
		};
		2799E44A26040905005B23FC /* Resources */ = {
			isa = PBXResourcesBuildPhase;
			buildActionMask = 2147483647;
			files = (
			);
			runOnlyForDeploymentPostprocessing = 0;
		};
		2799E45526040905005B23FC /* Resources */ = {
			isa = PBXResourcesBuildPhase;
			buildActionMask = 2147483647;
			files = (
			);
			runOnlyForDeploymentPostprocessing = 0;
		};
/* End PBXResourcesBuildPhase section */

/* Begin PBXShellScriptBuildPhase section */
		084AA51B8027965336B16FD9 /* [CP] Check Pods Manifest.lock */ = {
			isa = PBXShellScriptBuildPhase;
			buildActionMask = 2147483647;
			files = (
			);
			inputFileListPaths = (
			);
			inputPaths = (
				"${PODS_PODFILE_DIR_PATH}/Podfile.lock",
				"${PODS_ROOT}/Manifest.lock",
			);
			name = "[CP] Check Pods Manifest.lock";
			outputFileListPaths = (
			);
			outputPaths = (
				"$(DERIVED_FILE_DIR)/Pods-Parstagram-checkManifestLockResult.txt",
			);
			runOnlyForDeploymentPostprocessing = 0;
			shellPath = /bin/sh;
			shellScript = "diff \"${PODS_PODFILE_DIR_PATH}/Podfile.lock\" \"${PODS_ROOT}/Manifest.lock\" > /dev/null\nif [ $? != 0 ] ; then\n    # print error to STDERR\n    echo \"error: The sandbox is not in sync with the Podfile.lock. Run 'pod install' or update your CocoaPods installation.\" >&2\n    exit 1\nfi\n# This output is used by Xcode 'outputs' to avoid re-running this script phase.\necho \"SUCCESS\" > \"${SCRIPT_OUTPUT_FILE_0}\"\n";
			showEnvVarsInLog = 0;
		};
		11293591B4207E93193BDAEE /* [CP] Check Pods Manifest.lock */ = {
			isa = PBXShellScriptBuildPhase;
			buildActionMask = 2147483647;
			files = (
			);
			inputFileListPaths = (
			);
			inputPaths = (
				"${PODS_PODFILE_DIR_PATH}/Podfile.lock",
				"${PODS_ROOT}/Manifest.lock",
			);
			name = "[CP] Check Pods Manifest.lock";
			outputFileListPaths = (
			);
			outputPaths = (
				"$(DERIVED_FILE_DIR)/Pods-ParstagramTests-checkManifestLockResult.txt",
			);
			runOnlyForDeploymentPostprocessing = 0;
			shellPath = /bin/sh;
			shellScript = "diff \"${PODS_PODFILE_DIR_PATH}/Podfile.lock\" \"${PODS_ROOT}/Manifest.lock\" > /dev/null\nif [ $? != 0 ] ; then\n    # print error to STDERR\n    echo \"error: The sandbox is not in sync with the Podfile.lock. Run 'pod install' or update your CocoaPods installation.\" >&2\n    exit 1\nfi\n# This output is used by Xcode 'outputs' to avoid re-running this script phase.\necho \"SUCCESS\" > \"${SCRIPT_OUTPUT_FILE_0}\"\n";
			showEnvVarsInLog = 0;
		};
		2EF20E9D0838D7329B368667 /* [CP] Embed Pods Frameworks */ = {
			isa = PBXShellScriptBuildPhase;
			buildActionMask = 2147483647;
			files = (
			);
			inputFileListPaths = (
				"${PODS_ROOT}/Target Support Files/Pods-Parstagram-ParstagramUITests/Pods-Parstagram-ParstagramUITests-frameworks-${CONFIGURATION}-input-files.xcfilelist",
			);
			name = "[CP] Embed Pods Frameworks";
			outputFileListPaths = (
				"${PODS_ROOT}/Target Support Files/Pods-Parstagram-ParstagramUITests/Pods-Parstagram-ParstagramUITests-frameworks-${CONFIGURATION}-output-files.xcfilelist",
			);
			runOnlyForDeploymentPostprocessing = 0;
			shellPath = /bin/sh;
			shellScript = "\"${PODS_ROOT}/Target Support Files/Pods-Parstagram-ParstagramUITests/Pods-Parstagram-ParstagramUITests-frameworks.sh\"\n";
			showEnvVarsInLog = 0;
		};
		6AA109E53FBEF5230D3BA5E6 /* [CP] Embed Pods Frameworks */ = {
			isa = PBXShellScriptBuildPhase;
			buildActionMask = 2147483647;
			files = (
			);
			inputFileListPaths = (
				"${PODS_ROOT}/Target Support Files/Pods-Parstagram/Pods-Parstagram-frameworks-${CONFIGURATION}-input-files.xcfilelist",
			);
			name = "[CP] Embed Pods Frameworks";
			outputFileListPaths = (
				"${PODS_ROOT}/Target Support Files/Pods-Parstagram/Pods-Parstagram-frameworks-${CONFIGURATION}-output-files.xcfilelist",
			);
			runOnlyForDeploymentPostprocessing = 0;
			shellPath = /bin/sh;
			shellScript = "\"${PODS_ROOT}/Target Support Files/Pods-Parstagram/Pods-Parstagram-frameworks.sh\"\n";
			showEnvVarsInLog = 0;
		};
		8DB359B3F0F3D43D6B11B6E1 /* [CP] Check Pods Manifest.lock */ = {
			isa = PBXShellScriptBuildPhase;
			buildActionMask = 2147483647;
			files = (
			);
			inputFileListPaths = (
			);
			inputPaths = (
				"${PODS_PODFILE_DIR_PATH}/Podfile.lock",
				"${PODS_ROOT}/Manifest.lock",
			);
			name = "[CP] Check Pods Manifest.lock";
			outputFileListPaths = (
			);
			outputPaths = (
				"$(DERIVED_FILE_DIR)/Pods-Parstagram-ParstagramUITests-checkManifestLockResult.txt",
			);
			runOnlyForDeploymentPostprocessing = 0;
			shellPath = /bin/sh;
			shellScript = "diff \"${PODS_PODFILE_DIR_PATH}/Podfile.lock\" \"${PODS_ROOT}/Manifest.lock\" > /dev/null\nif [ $? != 0 ] ; then\n    # print error to STDERR\n    echo \"error: The sandbox is not in sync with the Podfile.lock. Run 'pod install' or update your CocoaPods installation.\" >&2\n    exit 1\nfi\n# This output is used by Xcode 'outputs' to avoid re-running this script phase.\necho \"SUCCESS\" > \"${SCRIPT_OUTPUT_FILE_0}\"\n";
			showEnvVarsInLog = 0;
		};
/* End PBXShellScriptBuildPhase section */

/* Begin PBXSourcesBuildPhase section */
		2799E432260408FB005B23FC /* Sources */ = {
			isa = PBXSourcesBuildPhase;
			buildActionMask = 2147483647;
			files = (
				2799E47026040AA2005B23FC /* LoginViewController.swift in Sources */,
				27A59F0A26045BC000A62EFB /* CameraViewController.swift in Sources */,
				2799E43A260408FB005B23FC /* AppDelegate.swift in Sources */,
				2799E47526040ABA005B23FC /* FeedViewController.swift in Sources */,
				2799E43C260408FB005B23FC /* SceneDelegate.swift in Sources */,
				27CE27FA2604C68D00CE01F8 /* PostCell.swift in Sources */,
				273EBA57260D5C5700AEF772 /* CommentCell.swift in Sources */,
			);
			runOnlyForDeploymentPostprocessing = 0;
		};
		2799E44826040905005B23FC /* Sources */ = {
			isa = PBXSourcesBuildPhase;
			buildActionMask = 2147483647;
			files = (
				2799E45126040905005B23FC /* ParstagramTests.swift in Sources */,
			);
			runOnlyForDeploymentPostprocessing = 0;
		};
		2799E45326040905005B23FC /* Sources */ = {
			isa = PBXSourcesBuildPhase;
			buildActionMask = 2147483647;
			files = (
				2799E45C26040905005B23FC /* ParstagramUITests.swift in Sources */,
			);
			runOnlyForDeploymentPostprocessing = 0;
		};
/* End PBXSourcesBuildPhase section */

/* Begin PBXTargetDependency section */
		2799E44E26040905005B23FC /* PBXTargetDependency */ = {
			isa = PBXTargetDependency;
			target = 2799E435260408FB005B23FC /* Parstagram */;
			targetProxy = 2799E44D26040905005B23FC /* PBXContainerItemProxy */;
		};
		2799E45926040905005B23FC /* PBXTargetDependency */ = {
			isa = PBXTargetDependency;
			target = 2799E435260408FB005B23FC /* Parstagram */;
			targetProxy = 2799E45826040905005B23FC /* PBXContainerItemProxy */;
		};
/* End PBXTargetDependency section */

/* Begin PBXVariantGroup section */
		2799E43F260408FB005B23FC /* Main.storyboard */ = {
			isa = PBXVariantGroup;
			children = (
				2799E440260408FB005B23FC /* Base */,
			);
			name = Main.storyboard;
			sourceTree = "<group>";
		};
		2799E44426040904005B23FC /* LaunchScreen.storyboard */ = {
			isa = PBXVariantGroup;
			children = (
				2799E44526040904005B23FC /* Base */,
			);
			name = LaunchScreen.storyboard;
			sourceTree = "<group>";
		};
/* End PBXVariantGroup section */

/* Begin XCBuildConfiguration section */
		2799E45E26040905005B23FC /* Debug */ = {
			isa = XCBuildConfiguration;
			buildSettings = {
				ALWAYS_SEARCH_USER_PATHS = NO;
				CLANG_ANALYZER_NONNULL = YES;
				CLANG_ANALYZER_NUMBER_OBJECT_CONVERSION = YES_AGGRESSIVE;
				CLANG_CXX_LANGUAGE_STANDARD = "gnu++14";
				CLANG_CXX_LIBRARY = "libc++";
				CLANG_ENABLE_MODULES = YES;
				CLANG_ENABLE_OBJC_ARC = YES;
				CLANG_ENABLE_OBJC_WEAK = YES;
				CLANG_WARN_BLOCK_CAPTURE_AUTORELEASING = YES;
				CLANG_WARN_BOOL_CONVERSION = YES;
				CLANG_WARN_COMMA = YES;
				CLANG_WARN_CONSTANT_CONVERSION = YES;
				CLANG_WARN_DEPRECATED_OBJC_IMPLEMENTATIONS = YES;
				CLANG_WARN_DIRECT_OBJC_ISA_USAGE = YES_ERROR;
				CLANG_WARN_DOCUMENTATION_COMMENTS = YES;
				CLANG_WARN_EMPTY_BODY = YES;
				CLANG_WARN_ENUM_CONVERSION = YES;
				CLANG_WARN_INFINITE_RECURSION = YES;
				CLANG_WARN_INT_CONVERSION = YES;
				CLANG_WARN_NON_LITERAL_NULL_CONVERSION = YES;
				CLANG_WARN_OBJC_IMPLICIT_RETAIN_SELF = YES;
				CLANG_WARN_OBJC_LITERAL_CONVERSION = YES;
				CLANG_WARN_OBJC_ROOT_CLASS = YES_ERROR;
				CLANG_WARN_QUOTED_INCLUDE_IN_FRAMEWORK_HEADER = YES;
				CLANG_WARN_RANGE_LOOP_ANALYSIS = YES;
				CLANG_WARN_STRICT_PROTOTYPES = YES;
				CLANG_WARN_SUSPICIOUS_MOVE = YES;
				CLANG_WARN_UNGUARDED_AVAILABILITY = YES_AGGRESSIVE;
				CLANG_WARN_UNREACHABLE_CODE = YES;
				CLANG_WARN__DUPLICATE_METHOD_MATCH = YES;
				COPY_PHASE_STRIP = NO;
				DEBUG_INFORMATION_FORMAT = dwarf;
				ENABLE_STRICT_OBJC_MSGSEND = YES;
				ENABLE_TESTABILITY = YES;
				GCC_C_LANGUAGE_STANDARD = gnu11;
				GCC_DYNAMIC_NO_PIC = NO;
				GCC_NO_COMMON_BLOCKS = YES;
				GCC_OPTIMIZATION_LEVEL = 0;
				GCC_PREPROCESSOR_DEFINITIONS = (
					"DEBUG=1",
					"$(inherited)",
				);
				GCC_WARN_64_TO_32_BIT_CONVERSION = YES;
				GCC_WARN_ABOUT_RETURN_TYPE = YES_ERROR;
				GCC_WARN_UNDECLARED_SELECTOR = YES;
				GCC_WARN_UNINITIALIZED_AUTOS = YES_AGGRESSIVE;
				GCC_WARN_UNUSED_FUNCTION = YES;
				GCC_WARN_UNUSED_VARIABLE = YES;
				IPHONEOS_DEPLOYMENT_TARGET = 14.4;
				MTL_ENABLE_DEBUG_INFO = INCLUDE_SOURCE;
				MTL_FAST_MATH = YES;
				ONLY_ACTIVE_ARCH = YES;
				SDKROOT = iphoneos;
				SWIFT_ACTIVE_COMPILATION_CONDITIONS = DEBUG;
				SWIFT_OPTIMIZATION_LEVEL = "-Onone";
			};
			name = Debug;
		};
		2799E45F26040905005B23FC /* Release */ = {
			isa = XCBuildConfiguration;
			buildSettings = {
				ALWAYS_SEARCH_USER_PATHS = NO;
				CLANG_ANALYZER_NONNULL = YES;
				CLANG_ANALYZER_NUMBER_OBJECT_CONVERSION = YES_AGGRESSIVE;
				CLANG_CXX_LANGUAGE_STANDARD = "gnu++14";
				CLANG_CXX_LIBRARY = "libc++";
				CLANG_ENABLE_MODULES = YES;
				CLANG_ENABLE_OBJC_ARC = YES;
				CLANG_ENABLE_OBJC_WEAK = YES;
				CLANG_WARN_BLOCK_CAPTURE_AUTORELEASING = YES;
				CLANG_WARN_BOOL_CONVERSION = YES;
				CLANG_WARN_COMMA = YES;
				CLANG_WARN_CONSTANT_CONVERSION = YES;
				CLANG_WARN_DEPRECATED_OBJC_IMPLEMENTATIONS = YES;
				CLANG_WARN_DIRECT_OBJC_ISA_USAGE = YES_ERROR;
				CLANG_WARN_DOCUMENTATION_COMMENTS = YES;
				CLANG_WARN_EMPTY_BODY = YES;
				CLANG_WARN_ENUM_CONVERSION = YES;
				CLANG_WARN_INFINITE_RECURSION = YES;
				CLANG_WARN_INT_CONVERSION = YES;
				CLANG_WARN_NON_LITERAL_NULL_CONVERSION = YES;
				CLANG_WARN_OBJC_IMPLICIT_RETAIN_SELF = YES;
				CLANG_WARN_OBJC_LITERAL_CONVERSION = YES;
				CLANG_WARN_OBJC_ROOT_CLASS = YES_ERROR;
				CLANG_WARN_QUOTED_INCLUDE_IN_FRAMEWORK_HEADER = YES;
				CLANG_WARN_RANGE_LOOP_ANALYSIS = YES;
				CLANG_WARN_STRICT_PROTOTYPES = YES;
				CLANG_WARN_SUSPICIOUS_MOVE = YES;
				CLANG_WARN_UNGUARDED_AVAILABILITY = YES_AGGRESSIVE;
				CLANG_WARN_UNREACHABLE_CODE = YES;
				CLANG_WARN__DUPLICATE_METHOD_MATCH = YES;
				COPY_PHASE_STRIP = NO;
				DEBUG_INFORMATION_FORMAT = "dwarf-with-dsym";
				ENABLE_NS_ASSERTIONS = NO;
				ENABLE_STRICT_OBJC_MSGSEND = YES;
				GCC_C_LANGUAGE_STANDARD = gnu11;
				GCC_NO_COMMON_BLOCKS = YES;
				GCC_WARN_64_TO_32_BIT_CONVERSION = YES;
				GCC_WARN_ABOUT_RETURN_TYPE = YES_ERROR;
				GCC_WARN_UNDECLARED_SELECTOR = YES;
				GCC_WARN_UNINITIALIZED_AUTOS = YES_AGGRESSIVE;
				GCC_WARN_UNUSED_FUNCTION = YES;
				GCC_WARN_UNUSED_VARIABLE = YES;
				IPHONEOS_DEPLOYMENT_TARGET = 14.4;
				MTL_ENABLE_DEBUG_INFO = NO;
				MTL_FAST_MATH = YES;
				SDKROOT = iphoneos;
				SWIFT_COMPILATION_MODE = wholemodule;
				SWIFT_OPTIMIZATION_LEVEL = "-O";
				VALIDATE_PRODUCT = YES;
			};
			name = Release;
		};
		2799E46126040905005B23FC /* Debug */ = {
			isa = XCBuildConfiguration;
			baseConfigurationReference = 102E80AE3FF321FE3E5E5ED0 /* Pods-Parstagram.debug.xcconfig */;
			buildSettings = {
				ASSETCATALOG_COMPILER_APPICON_NAME = AppIcon;
				ASSETCATALOG_COMPILER_GLOBAL_ACCENT_COLOR_NAME = AccentColor;
				CODE_SIGN_STYLE = Automatic;
				INFOPLIST_FILE = Parstagram/Info.plist;
				LD_RUNPATH_SEARCH_PATHS = (
					"$(inherited)",
					"@executable_path/Frameworks",
				);
				PRODUCT_BUNDLE_IDENTIFIER = Manny450.Parstagram;
				PRODUCT_NAME = "$(TARGET_NAME)";
				SWIFT_VERSION = 5.0;
				TARGETED_DEVICE_FAMILY = "1,2";
			};
			name = Debug;
		};
		2799E46226040905005B23FC /* Release */ = {
			isa = XCBuildConfiguration;
			baseConfigurationReference = 52A1815FDCAF7E24497D9B8B /* Pods-Parstagram.release.xcconfig */;
			buildSettings = {
				ASSETCATALOG_COMPILER_APPICON_NAME = AppIcon;
				ASSETCATALOG_COMPILER_GLOBAL_ACCENT_COLOR_NAME = AccentColor;
				CODE_SIGN_STYLE = Automatic;
				INFOPLIST_FILE = Parstagram/Info.plist;
				LD_RUNPATH_SEARCH_PATHS = (
					"$(inherited)",
					"@executable_path/Frameworks",
				);
				PRODUCT_BUNDLE_IDENTIFIER = Manny450.Parstagram;
				PRODUCT_NAME = "$(TARGET_NAME)";
				SWIFT_VERSION = 5.0;
				TARGETED_DEVICE_FAMILY = "1,2";
			};
			name = Release;
		};
		2799E46426040905005B23FC /* Debug */ = {
			isa = XCBuildConfiguration;
			baseConfigurationReference = B960EA01EFDD7D18C2B571EE /* Pods-ParstagramTests.debug.xcconfig */;
			buildSettings = {
				ALWAYS_EMBED_SWIFT_STANDARD_LIBRARIES = YES;
				BUNDLE_LOADER = "$(TEST_HOST)";
				CODE_SIGN_STYLE = Automatic;
				INFOPLIST_FILE = ParstagramTests/Info.plist;
				IPHONEOS_DEPLOYMENT_TARGET = 14.4;
				LD_RUNPATH_SEARCH_PATHS = (
					"$(inherited)",
					"@executable_path/Frameworks",
					"@loader_path/Frameworks",
				);
				PRODUCT_BUNDLE_IDENTIFIER = Manny450.ParstagramTests;
				PRODUCT_NAME = "$(TARGET_NAME)";
				SWIFT_VERSION = 5.0;
				TARGETED_DEVICE_FAMILY = "1,2";
				TEST_HOST = "$(BUILT_PRODUCTS_DIR)/Parstagram.app/Parstagram";
			};
			name = Debug;
		};
		2799E46526040905005B23FC /* Release */ = {
			isa = XCBuildConfiguration;
			baseConfigurationReference = FD8A8E060FEE4E2B74BB4933 /* Pods-ParstagramTests.release.xcconfig */;
			buildSettings = {
				ALWAYS_EMBED_SWIFT_STANDARD_LIBRARIES = YES;
				BUNDLE_LOADER = "$(TEST_HOST)";
				CODE_SIGN_STYLE = Automatic;
				INFOPLIST_FILE = ParstagramTests/Info.plist;
				IPHONEOS_DEPLOYMENT_TARGET = 14.4;
				LD_RUNPATH_SEARCH_PATHS = (
					"$(inherited)",
					"@executable_path/Frameworks",
					"@loader_path/Frameworks",
				);
				PRODUCT_BUNDLE_IDENTIFIER = Manny450.ParstagramTests;
				PRODUCT_NAME = "$(TARGET_NAME)";
				SWIFT_VERSION = 5.0;
				TARGETED_DEVICE_FAMILY = "1,2";
				TEST_HOST = "$(BUILT_PRODUCTS_DIR)/Parstagram.app/Parstagram";
			};
			name = Release;
		};
		2799E46726040905005B23FC /* Debug */ = {
			isa = XCBuildConfiguration;
			baseConfigurationReference = 1AAE2737EF5665AA786F1076 /* Pods-Parstagram-ParstagramUITests.debug.xcconfig */;
			buildSettings = {
				ALWAYS_EMBED_SWIFT_STANDARD_LIBRARIES = YES;
				CODE_SIGN_STYLE = Automatic;
				INFOPLIST_FILE = ParstagramUITests/Info.plist;
				LD_RUNPATH_SEARCH_PATHS = (
					"$(inherited)",
					"@executable_path/Frameworks",
					"@loader_path/Frameworks",
				);
				PRODUCT_BUNDLE_IDENTIFIER = Manny450.ParstagramUITests;
				PRODUCT_NAME = "$(TARGET_NAME)";
				SWIFT_VERSION = 5.0;
				TARGETED_DEVICE_FAMILY = "1,2";
				TEST_TARGET_NAME = Parstagram;
			};
			name = Debug;
		};
		2799E46826040905005B23FC /* Release */ = {
			isa = XCBuildConfiguration;
			baseConfigurationReference = 3DF52D4E1C36DE48146DC0B2 /* Pods-Parstagram-ParstagramUITests.release.xcconfig */;
			buildSettings = {
				ALWAYS_EMBED_SWIFT_STANDARD_LIBRARIES = YES;
				CODE_SIGN_STYLE = Automatic;
				INFOPLIST_FILE = ParstagramUITests/Info.plist;
				LD_RUNPATH_SEARCH_PATHS = (
					"$(inherited)",
					"@executable_path/Frameworks",
					"@loader_path/Frameworks",
				);
				PRODUCT_BUNDLE_IDENTIFIER = Manny450.ParstagramUITests;
				PRODUCT_NAME = "$(TARGET_NAME)";
				SWIFT_VERSION = 5.0;
				TARGETED_DEVICE_FAMILY = "1,2";
				TEST_TARGET_NAME = Parstagram;
			};
			name = Release;
		};
/* End XCBuildConfiguration section */

/* Begin XCConfigurationList section */
		2799E431260408FB005B23FC /* Build configuration list for PBXProject "Parstagram" */ = {
			isa = XCConfigurationList;
			buildConfigurations = (
				2799E45E26040905005B23FC /* Debug */,
				2799E45F26040905005B23FC /* Release */,
			);
			defaultConfigurationIsVisible = 0;
			defaultConfigurationName = Release;
		};
		2799E46026040905005B23FC /* Build configuration list for PBXNativeTarget "Parstagram" */ = {
			isa = XCConfigurationList;
			buildConfigurations = (
				2799E46126040905005B23FC /* Debug */,
				2799E46226040905005B23FC /* Release */,
			);
			defaultConfigurationIsVisible = 0;
			defaultConfigurationName = Release;
		};
		2799E46326040905005B23FC /* Build configuration list for PBXNativeTarget "ParstagramTests" */ = {
			isa = XCConfigurationList;
			buildConfigurations = (
				2799E46426040905005B23FC /* Debug */,
				2799E46526040905005B23FC /* Release */,
			);
			defaultConfigurationIsVisible = 0;
			defaultConfigurationName = Release;
		};
		2799E46626040905005B23FC /* Build configuration list for PBXNativeTarget "ParstagramUITests" */ = {
			isa = XCConfigurationList;
			buildConfigurations = (
				2799E46726040905005B23FC /* Debug */,
				2799E46826040905005B23FC /* Release */,
			);
			defaultConfigurationIsVisible = 0;
			defaultConfigurationName = Release;
		};
/* End XCConfigurationList section */
	};
	rootObject = 2799E42E260408FB005B23FC /* Project object */;
}
